<?xml version="1.0" encoding="UTF-8" standalone="yes" ?>
<CodeBlocks_project_file>
	<FileVersion major="1" minor="6" />
	<Project>
		<Option title="luz-e-material-marte" />
		<Option pch_mode="2" />
		<Option compiler="gcc" />
		<Build>
			<Target title="Windows">
				<Option output="bin/luz-e-material-marte" prefix_auto="1" extension_auto="1" />
				<Option working_dir=".." />
				<Option object_output="obj/" />
				<Option type="0" />
				<Option compiler="gcc" />
				<Compiler>
					<Add option="-g" />
				</Compiler>
				<Linker>
					<Add library="freeglut" />
					<Add library="glu32" />
					<Add library="glew32" />
					<Add library="SOIL" />
					<Add library="opengl32" />
					<Add library="m" />
				</Linker>
			</Target>
			<Target title="Linux">
				<Option output="bin/luz-e-material-marte" prefix_auto="1" extension_auto="1" />
				<Option working_dir=".." />
				<Option object_output="obj/" />
				<Option type="0" />
				<Option compiler="gcc" />
				<Compiler>
					<Add option="-g" />
				</Compiler>
				<Linker>
					<Add library="glut" />
					<Add library="GLU" />
					<Add library="GLEW" />
					<Add library="SOIL" />
					<Add library="GL" />
					<Add library="m" />
				</Linker>
			</Target>
		</Build>
		<Compiler>
			<Add option="-Wall" />
			<Add option="-g" />
		</Compiler>
		<Unit filename="../main.cpp" />
		<Extensions>
			<code_completion />
			<envvars />
			<debugger />
			<lib_finder disable_auto="1" />
		</Extensions>
	</Project>
</CodeBlocks_project_file>
