<?xml version="1.0" encoding="UTF-8" standalone="yes" ?>
<CodeBlocks_project_file>
	<FileVersion major="1" minor="6" />
	<Project>
		<Option title="flat-gouraud-phong" />
		<Option pch_mode="2" />
		<Option compiler="gcc" />
		<Build>
			<Target title="Windows">
				<Option output="bin/flat-gouraud-phong" prefix_auto="1" extension_auto="1" />
				<Option working_dir=".." />
				<Option object_output="obj/" />
				<Option type="0" />
				<Option compiler="gcc" />
				<Compiler>
					<Add option="-g" />
				</Compiler>
				<Linker>
					<Add library="freeglut" />
					<Add library="glu32" />
					<Add library="glew32" />
					<Add library="opengl32" />
				</Linker>
			</Target>
			<Target title="Linux">
				<Option output="bin/flat-gouraud-phong" prefix_auto="1" extension_auto="1" />
				<Option working_dir=".." />
				<Option object_output="obj/" />
				<Option type="0" />
				<Option compiler="gcc" />
				<Compiler>
					<Add option="-g" />
				</Compiler>
				<Linker>
					<Add library="glut" />
					<Add library="GLU" />
					<Add library="GLEW" />
					<Add library="GL" />
				</Linker>
			</Target>
		</Build>
		<Compiler>
			<Add option="-Wall" />
			<Add option="-g" />
		</Compiler>
		<Unit filename="../error.h" />
		<Unit filename="../luz.h" />
		<Unit filename="../main.cpp" />
		<Unit filename="../objeto.cpp" />
		<Unit filename="../objeto.h" />
		<Unit filename="../shader.cpp" />
		<Unit filename="../shader.h" />
		<Unit filename="../shaders/flat-fragment.glsl" />
		<Unit filename="../shaders/flat-vertex.glsl" />
		<Unit filename="../shaders/gouraud-fragment.glsl" />
		<Unit filename="../shaders/gouraud-vertex.glsl" />
		<Unit filename="../shaders/phong-fragment.glsl" />
		<Unit filename="../shaders/phong-vertex.glsl" />
		<Extensions>
			<envvars />
			<code_completion />
			<debugger />
			<lib_finder disable_auto="1" />
		</Extensions>
	</Project>
</CodeBlocks_project_file>
