<?xml version="1.0" encoding="UTF-8" standalone="yes" ?>
<CodeBlocks_project_file>
	<FileVersion major="1" minor="6" />
	<Project>
		<Option title="hello-modest" />
		<Option pch_mode="2" />
		<Option compiler="gcc" />
		<Build>
			<Target title="Windows">
				<Option output="bin/hello-modest" prefix_auto="1" extension_auto="1" />
				<Option working_dir=".." />
				<Option object_output="obj/" />
				<Option type="0" />
				<Option compiler="gcc" />
				<Linker>
					<Add library="freeglut" />
					<Add library="glu32" />
					<Add library="glew32" />
					<Add library="opengl32" />
				</Linker>
			</Target>
			<Target title="Linux">
				<Option output="bin/hello-modest" prefix_auto="1" extension_auto="1" />
				<Option working_dir=".." />
				<Option object_output="obj/" />
				<Option type="0" />
				<Option compiler="gcc" />
				<Linker>
					<Add library="glut" />
					<Add library="GLU" />
					<Add library="GLEW" />
					<Add library="GL" />
				</Linker>
			</Target>
		</Build>
		<Compiler>
			<Add option="-Wall" />
			<Add option="-std=c++14" />
			<Add option="-g" />
		</Compiler>
		<Unit filename="../error.h" />
		<Unit filename="../main.cpp">
			<Option compilerVar="CC" />
		</Unit>
		<Unit filename="../object.cpp" />
		<Unit filename="../object.h" />
		<Unit filename="../shader.cpp" />
		<Unit filename="../shader.h" />
		<Unit filename="../shaders/fragmentShader.glsl" />
		<Unit filename="../shaders/vertexShader.glsl" />
		<Extensions>
			<code_completion />
			<envvars />
			<debugger />
			<lib_finder disable_auto="1" />
		</Extensions>
	</Project>
</CodeBlocks_project_file>
